// !$*UTF8*$!
{
	archiveVersion = 1;
	classes = {
	};
	objectVersion = 50;
	objects = {

/* Begin PBXBuildFile section */
		EDB06EAD24422A4F00E15460 /* AppDelegate.swift in Sources */ = {isa = PBXBuildFile; fileRef = EDB06EAC24422A4F00E15460 /* AppDelegate.swift */; };
		EDB06EAF24422A4F00E15460 /* SceneDelegate.swift in Sources */ = {isa = PBXBuildFile; fileRef = EDB06EAE24422A4F00E15460 /* SceneDelegate.swift */; };
		EDB06EB124422A4F00E15460 /* ViewController.swift in Sources */ = {isa = PBXBuildFile; fileRef = EDB06EB024422A4F00E15460 /* ViewController.swift */; };
		EDB06EB424422A4F00E15460 /* Main.storyboard in Resources */ = {isa = PBXBuildFile; fileRef = EDB06EB224422A4F00E15460 /* Main.storyboard */; };
		EDB06EB624422A5400E15460 /* Assets.xcassets in Resources */ = {isa = PBXBuildFile; fileRef = EDB06EB524422A5400E15460 /* Assets.xcassets */; };
		EDB06EB924422A5400E15460 /* LaunchScreen.storyboard in Resources */ = {isa = PBXBuildFile; fileRef = EDB06EB724422A5400E15460 /* LaunchScreen.storyboard */; };
		EDB06EC124422F3500E15460 /* Dashboard.swift in Sources */ = {isa = PBXBuildFile; fileRef = EDB06EC024422F3500E15460 /* Dashboard.swift */; };
/* End PBXBuildFile section */

/* Begin PBXFileReference section */
		EDB06EA924422A4F00E15460 /* StackOfButtonsInteractions.app */ = {isa = PBXFileReference; explicitFileType = wrapper.application; includeInIndex = 0; path = StackOfButtonsInteractions.app; sourceTree = BUILT_PRODUCTS_DIR; };
		EDB06EAC24422A4F00E15460 /* AppDelegate.swift */ = {isa = PBXFileReference; lastKnownFileType = sourcecode.swift; path = AppDelegate.swift; sourceTree = "<group>"; };
		EDB06EAE24422A4F00E15460 /* SceneDelegate.swift */ = {isa = PBXFileReference; lastKnownFileType = sourcecode.swift; path = SceneDelegate.swift; sourceTree = "<group>"; };
		EDB06EB024422A4F00E15460 /* ViewController.swift */ = {isa = PBXFileReference; lastKnownFileType = sourcecode.swift; path = ViewController.swift; sourceTree = "<group>"; };
		EDB06EB324422A4F00E15460 /* Base */ = {isa = PBXFileReference; lastKnownFileType = file.storyboard; name = Base; path = Base.lproj/Main.storyboard; sourceTree = "<group>"; };
		EDB06EB524422A5400E15460 /* Assets.xcassets */ = {isa = PBXFileReference; lastKnownFileType = folder.assetcatalog; path = Assets.xcassets; sourceTree = "<group>"; };
		EDB06EB824422A5400E15460 /* Base */ = {isa = PBXFileReference; lastKnownFileType = file.storyboard; name = Base; path = Base.lproj/LaunchScreen.storyboard; sourceTree = "<group>"; };
		EDB06EBA24422A5400E15460 /* Info.plist */ = {isa = PBXFileReference; lastKnownFileType = text.plist.xml; path = Info.plist; sourceTree = "<group>"; };
		EDB06EC024422F3500E15460 /* Dashboard.swift */ = {isa = PBXFileReference; lastKnownFileType = sourcecode.swift; path = Dashboard.swift; sourceTree = "<group>"; };
/* End PBXFileReference section */

/* Begin PBXFrameworksBuildPhase section */
		EDB06EA624422A4F00E15460 /* Frameworks */ = {
			isa = PBXFrameworksBuildPhase;
			buildActionMask = 2147483647;
			files = (
			);
			runOnlyForDeploymentPostprocessing = 0;
		};
/* End PBXFrameworksBuildPhase section */

/* Begin PBXGroup section */
		EDB06EA024422A4F00E15460 = {
			isa = PBXGroup;
			children = (
				EDB06EAB24422A4F00E15460 /* StackOfButtonsInteractions */,
				EDB06EAA24422A4F00E15460 /* Products */,
			);
			sourceTree = "<group>";
		};
		EDB06EAA24422A4F00E15460 /* Products */ = {
			isa = PBXGroup;
			children = (
				EDB06EA924422A4F00E15460 /* StackOfButtonsInteractions.app */,
			);
			name = Products;
			sourceTree = "<group>";
		};
		EDB06EAB24422A4F00E15460 /* StackOfButtonsInteractions */ = {
			isa = PBXGroup;
			children = (
				EDB06EAC24422A4F00E15460 /* AppDelegate.swift */,
				EDB06EAE24422A4F00E15460 /* SceneDelegate.swift */,
				EDB06EB024422A4F00E15460 /* ViewController.swift */,
				EDB06EC024422F3500E15460 /* Dashboard.swift */,
				EDB06EB224422A4F00E15460 /* Main.storyboard */,
				EDB06EB524422A5400E15460 /* Assets.xcassets */,
				EDB06EB724422A5400E15460 /* LaunchScreen.storyboard */,
				EDB06EBA24422A5400E15460 /* Info.plist */,
			);
			path = StackOfButtonsInteractions;
			sourceTree = "<group>";
		};
/* End PBXGroup section */

/* Begin PBXNativeTarget section */
		EDB06EA824422A4F00E15460 /* StackOfButtonsInteractions */ = {
			isa = PBXNativeTarget;
			buildConfigurationList = EDB06EBD24422A5400E15460 /* Build configuration list for PBXNativeTarget "StackOfButtonsInteractions" */;
			buildPhases = (
				EDB06EA524422A4F00E15460 /* Sources */,
				EDB06EA624422A4F00E15460 /* Frameworks */,
				EDB06EA724422A4F00E15460 /* Resources */,
			);
			buildRules = (
			);
			dependencies = (
			);
			name = StackOfButtonsInteractions;
			productName = StackOfButtonsInteractions;
			productReference = EDB06EA924422A4F00E15460 /* StackOfButtonsInteractions.app */;
			productType = "com.apple.product-type.application";
		};
/* End PBXNativeTarget section */

/* Begin PBXProject section */
		EDB06EA124422A4F00E15460 /* Project object */ = {
			isa = PBXProject;
			attributes = {
				LastSwiftUpdateCheck = 1140;
				LastUpgradeCheck = 1140;
				ORGANIZATIONNAME = "Neftali Samarey";
				TargetAttributes = {
					EDB06EA824422A4F00E15460 = {
						CreatedOnToolsVersion = 11.4;
					};
				};
			};
			buildConfigurationList = EDB06EA424422A4F00E15460 /* Build configuration list for PBXProject "StackOfButtonsInteractions" */;
			compatibilityVersion = "Xcode 9.3";
			developmentRegion = en;
			hasScannedForEncodings = 0;
			knownRegions = (
				en,
				Base,
			);
			mainGroup = EDB06EA024422A4F00E15460;
			productRefGroup = EDB06EAA24422A4F00E15460 /* Products */;
			projectDirPath = "";
			projectRoot = "";
			targets = (
				EDB06EA824422A4F00E15460 /* StackOfButtonsInteractions */,
			);
		};
/* End PBXProject section */

/* Begin PBXResourcesBuildPhase section */
		EDB06EA724422A4F00E15460 /* Resources */ = {
			isa = PBXResourcesBuildPhase;
			buildActionMask = 2147483647;
			files = (
				EDB06EB924422A5400E15460 /* LaunchScreen.storyboard in Resources */,
				EDB06EB624422A5400E15460 /* Assets.xcassets in Resources */,
				EDB06EB424422A4F00E15460 /* Main.storyboard in Resources */,
			);
			runOnlyForDeploymentPostprocessing = 0;
		};
/* End PBXResourcesBuildPhase section */

/* Begin PBXSourcesBuildPhase section */
		EDB06EA524422A4F00E15460 /* Sources */ = {
			isa = PBXSourcesBuildPhase;
			buildActionMask = 2147483647;
			files = (
				EDB06EB124422A4F00E15460 /* ViewController.swift in Sources */,
				EDB06EAD24422A4F00E15460 /* AppDelegate.swift in Sources */,
				EDB06EC124422F3500E15460 /* Dashboard.swift in Sources */,
				EDB06EAF24422A4F00E15460 /* SceneDelegate.swift in Sources */,
			);
			runOnlyForDeploymentPostprocessing = 0;
		};
/* End PBXSourcesBuildPhase section */

/* Begin PBXVariantGroup section */
		EDB06EB224422A4F00E15460 /* Main.storyboard */ = {
			isa = PBXVariantGroup;
			children = (
				EDB06EB324422A4F00E15460 /* Base */,
			);
			name = Main.storyboard;
			sourceTree = "<group>";
		};
		EDB06EB724422A5400E15460 /* LaunchScreen.storyboard */ = {
			isa = PBXVariantGroup;
			children = (
				EDB06EB824422A5400E15460 /* Base */,
			);
			name = LaunchScreen.storyboard;
			sourceTree = "<group>";
		};
/* End PBXVariantGroup section */

/* Begin XCBuildConfiguration section */
		EDB06EBB24422A5400E15460 /* Debug */ = {
			isa = XCBuildConfiguration;
			buildSettings = {
				ALWAYS_SEARCH_USER_PATHS = NO;
				CLANG_ANALYZER_NONNULL = YES;
				CLANG_ANALYZER_NUMBER_OBJECT_CONVERSION = YES_AGGRESSIVE;
				CLANG_CXX_LANGUAGE_STANDARD = "gnu++14";
				CLANG_CXX_LIBRARY = "libc++";
				CLANG_ENABLE_MODULES = YES;
				CLANG_ENABLE_OBJC_ARC = YES;
				CLANG_ENABLE_OBJC_WEAK = YES;
				CLANG_WARN_BLOCK_CAPTURE_AUTORELEASING = YES;
				CLANG_WARN_BOOL_CONVERSION = YES;
				CLANG_WARN_COMMA = YES;
				CLANG_WARN_CONSTANT_CONVERSION = YES;
				CLANG_WARN_DEPRECATED_OBJC_IMPLEMENTATIONS = YES;
				CLANG_WARN_DIRECT_OBJC_ISA_USAGE = YES_ERROR;
				CLANG_WARN_DOCUMENTATION_COMMENTS = YES;
				CLANG_WARN_EMPTY_BODY = YES;
				CLANG_WARN_ENUM_CONVERSION = YES;
				CLANG_WARN_INFINITE_RECURSION = YES;
				CLANG_WARN_INT_CONVERSION = YES;
				CLANG_WARN_NON_LITERAL_NULL_CONVERSION = YES;
				CLANG_WARN_OBJC_IMPLICIT_RETAIN_SELF = YES;
				CLANG_WARN_OBJC_LITERAL_CONVERSION = YES;
				CLANG_WARN_OBJC_ROOT_CLASS = YES_ERROR;
				CLANG_WARN_RANGE_LOOP_ANALYSIS = YES;
				CLANG_WARN_STRICT_PROTOTYPES = YES;
				CLANG_WARN_SUSPICIOUS_MOVE = YES;
				CLANG_WARN_UNGUARDED_AVAILABILITY = YES_AGGRESSIVE;
				CLANG_WARN_UNREACHABLE_CODE = YES;
				CLANG_WARN__DUPLICATE_METHOD_MATCH = YES;
				COPY_PHASE_STRIP = NO;
				DEBUG_INFORMATION_FORMAT = dwarf;
				ENABLE_STRICT_OBJC_MSGSEND = YES;
				ENABLE_TESTABILITY = YES;
				GCC_C_LANGUAGE_STANDARD = gnu11;
				GCC_DYNAMIC_NO_PIC = NO;
				GCC_NO_COMMON_BLOCKS = YES;
				GCC_OPTIMIZATION_LEVEL = 0;
				GCC_PREPROCESSOR_DEFINITIONS = (
					"DEBUG=1",
					"$(inherited)",
				);
				GCC_WARN_64_TO_32_BIT_CONVERSION = YES;
				GCC_WARN_ABOUT_RETURN_TYPE = YES_ERROR;
				GCC_WARN_UNDECLARED_SELECTOR = YES;
				GCC_WARN_UNINITIALIZED_AUTOS = YES_AGGRESSIVE;
				GCC_WARN_UNUSED_FUNCTION = YES;
				GCC_WARN_UNUSED_VARIABLE = YES;
				IPHONEOS_DEPLOYMENT_TARGET = 13.4;
				MTL_ENABLE_DEBUG_INFO = INCLUDE_SOURCE;
				MTL_FAST_MATH = YES;
				ONLY_ACTIVE_ARCH = YES;
				SDKROOT = iphoneos;
				SWIFT_ACTIVE_COMPILATION_CONDITIONS = DEBUG;
				SWIFT_OPTIMIZATION_LEVEL = "-Onone";
			};
			name = Debug;
		};
		EDB06EBC24422A5400E15460 /* Release */ = {
			isa = XCBuildConfiguration;
			buildSettings = {
				ALWAYS_SEARCH_USER_PATHS = NO;
				CLANG_ANALYZER_NONNULL = YES;
				CLANG_ANALYZER_NUMBER_OBJECT_CONVERSION = YES_AGGRESSIVE;
				CLANG_CXX_LANGUAGE_STANDARD = "gnu++14";
				CLANG_CXX_LIBRARY = "libc++";
				CLANG_ENABLE_MODULES = YES;
				CLANG_ENABLE_OBJC_ARC = YES;
				CLANG_ENABLE_OBJC_WEAK = YES;
				CLANG_WARN_BLOCK_CAPTURE_AUTORELEASING = YES;
				CLANG_WARN_BOOL_CONVERSION = YES;
				CLANG_WARN_COMMA = YES;
				CLANG_WARN_CONSTANT_CONVERSION = YES;
				CLANG_WARN_DEPRECATED_OBJC_IMPLEMENTATIONS = YES;
				CLANG_WARN_DIRECT_OBJC_ISA_USAGE = YES_ERROR;
				CLANG_WARN_DOCUMENTATION_COMMENTS = YES;
				CLANG_WARN_EMPTY_BODY = YES;
				CLANG_WARN_ENUM_CONVERSION = YES;
				CLANG_WARN_INFINITE_RECURSION = YES;
				CLANG_WARN_INT_CONVERSION = YES;
				CLANG_WARN_NON_LITERAL_NULL_CONVERSION = YES;
				CLANG_WARN_OBJC_IMPLICIT_RETAIN_SELF = YES;
				CLANG_WARN_OBJC_LITERAL_CONVERSION = YES;
				CLANG_WARN_OBJC_ROOT_CLASS = YES_ERROR;
				CLANG_WARN_RANGE_LOOP_ANALYSIS = YES;
				CLANG_WARN_STRICT_PROTOTYPES = YES;
				CLANG_WARN_SUSPICIOUS_MOVE = YES;
				CLANG_WARN_UNGUARDED_AVAILABILITY = YES_AGGRESSIVE;
				CLANG_WARN_UNREACHABLE_CODE = YES;
				CLANG_WARN__DUPLICATE_METHOD_MATCH = YES;
				COPY_PHASE_STRIP = NO;
				DEBUG_INFORMATION_FORMAT = "dwarf-with-dsym";
				ENABLE_NS_ASSERTIONS = NO;
				ENABLE_STRICT_OBJC_MSGSEND = YES;
				GCC_C_LANGUAGE_STANDARD = gnu11;
				GCC_NO_COMMON_BLOCKS = YES;
				GCC_WARN_64_TO_32_BIT_CONVERSION = YES;
				GCC_WARN_ABOUT_RETURN_TYPE = YES_ERROR;
				GCC_WARN_UNDECLARED_SELECTOR = YES;
				GCC_WARN_UNINITIALIZED_AUTOS = YES_AGGRESSIVE;
				GCC_WARN_UNUSED_FUNCTION = YES;
				GCC_WARN_UNUSED_VARIABLE = YES;
				IPHONEOS_DEPLOYMENT_TARGET = 13.4;
				MTL_ENABLE_DEBUG_INFO = NO;
				MTL_FAST_MATH = YES;
				SDKROOT = iphoneos;
				SWIFT_COMPILATION_MODE = wholemodule;
				SWIFT_OPTIMIZATION_LEVEL = "-O";
				VALIDATE_PRODUCT = YES;
			};
			name = Release;
		};
		EDB06EBE24422A5400E15460 /* Debug */ = {
			isa = XCBuildConfiguration;
			buildSettings = {
				ASSETCATALOG_COMPILER_APPICON_NAME = AppIcon;
				CODE_SIGN_STYLE = Automatic;
				DEVELOPMENT_TEAM = X752JDEFHP;
				INFOPLIST_FILE = StackOfButtonsInteractions/Info.plist;
				LD_RUNPATH_SEARCH_PATHS = (
					"$(inherited)",
					"@executable_path/Frameworks",
				);
				PRODUCT_BUNDLE_IDENTIFIER = samarey.me.StackOfButtonsInteractions;
				PRODUCT_NAME = "$(TARGET_NAME)";
				SWIFT_VERSION = 5.0;
				TARGETED_DEVICE_FAMILY = "1,2";
			};
			name = Debug;
		};
		EDB06EBF24422A5400E15460 /* Release */ = {
			isa = XCBuildConfiguration;
			buildSettings = {
				ASSETCATALOG_COMPILER_APPICON_NAME = AppIcon;
				CODE_SIGN_STYLE = Automatic;
				DEVELOPMENT_TEAM = X752JDEFHP;
				INFOPLIST_FILE = StackOfButtonsInteractions/Info.plist;
				LD_RUNPATH_SEARCH_PATHS = (
					"$(inherited)",
					"@executable_path/Frameworks",
				);
				PRODUCT_BUNDLE_IDENTIFIER = samarey.me.StackOfButtonsInteractions;
				PRODUCT_NAME = "$(TARGET_NAME)";
				SWIFT_VERSION = 5.0;
				TARGETED_DEVICE_FAMILY = "1,2";
			};
			name = Release;
		};
/* End XCBuildConfiguration section */

/* Begin XCConfigurationList section */
		EDB06EA424422A4F00E15460 /* Build configuration list for PBXProject "StackOfButtonsInteractions" */ = {
			isa = XCConfigurationList;
			buildConfigurations = (
				EDB06EBB24422A5400E15460 /* Debug */,
				EDB06EBC24422A5400E15460 /* Release */,
			);
			defaultConfigurationIsVisible = 0;
			defaultConfigurationName = Release;
		};
		EDB06EBD24422A5400E15460 /* Build configuration list for PBXNativeTarget "StackOfButtonsInteractions" */ = {
			isa = XCConfigurationList;
			buildConfigurations = (
				EDB06EBE24422A5400E15460 /* Debug */,
				EDB06EBF24422A5400E15460 /* Release */,
			);
			defaultConfigurationIsVisible = 0;
			defaultConfigurationName = Release;
		};
/* End XCConfigurationList section */
	};
	rootObject = EDB06EA124422A4F00E15460 /* Project object */;
}
